
Microsoft Visual Studio Solution File, Format Version 12.00
# Visual Studio Version 17
VisualStudioVersion = 17.1.32210.238
MinimumVisualStudioVersion = 10.0.40219.1
Project("{9A19103F-16F7-4668-BE54-9A1E7A4F7556}") = "PromoCodeGenerator", "PromoCodeGenerator.csproj", "{5D11D6C6-D7DA-41FE-8FCC-A4B4B7374D8C}"
EndProject
Global
	GlobalSection(SolutionConfigurationPlatforms) = preSolution
		Debug|Any CPU = Debug|Any CPU
		Release|Any CPU = Release|Any CPU
	EndGlobalSection
	GlobalSection(ProjectConfigurationPlatforms) = postSolution
		{5D11D6C6-D7DA-41FE-8FCC-A4B4B7374D8C}.Debug|Any CPU.ActiveCfg = Debug|Any CPU
		{5D11D6C6-D7DA-41FE-8FCC-A4B4B7374D8C}.Debug|Any CPU.Build.0 = Debug|Any CPU
		{5D11D6C6-D7DA-41FE-8FCC-A4B4B7374D8C}.Release|Any CPU.ActiveCfg = Release|Any CPU
		{5D11D6C6-D7DA-41FE-8FCC-A4B4B7374D8C}.Release|Any CPU.Build.0 = Release|Any CPU
	EndGlobalSection
	GlobalSection(SolutionProperties) = preSolution
		HideSolutionNode = FALSE
	EndGlobalSection
	GlobalSection(ExtensibilityGlobals) = postSolution
		SolutionGuid = {46704DEB-82FB-4034-BB2D-C312A1E67327}
	EndGlobalSection
EndGlobal
